
Microsoft Visual Studio Solution File, Format Version 12.00
# Visual Studio Version 16
VisualStudioVersion = 16.0.30128.74
MinimumVisualStudioVersion = 10.0.40219.1
Project("{FAE04EC0-301F-11D3-BF4B-00C04F79EFBC}") = "WebPACS", "WebPACS.csproj", "{13D02FA7-6908-4F5E-A37A-971E4DF57614}"
EndProject
Global
	GlobalSection(SolutionConfigurationPlatforms) = preSolution
		Debug|Any CPU = Debug|Any CPU
		Release|Any CPU = Release|Any CPU
	EndGlobalSection
	GlobalSection(ProjectConfigurationPlatforms) = postSolution
		{13D02FA7-6908-4F5E-A37A-971E4DF57614}.Debug|Any CPU.ActiveCfg = Debug|Any CPU
		{13D02FA7-6908-4F5E-A37A-971E4DF57614}.Debug|Any CPU.Build.0 = Debug|Any CPU
		{13D02FA7-6908-4F5E-A37A-971E4DF57614}.Release|Any CPU.ActiveCfg = Release|Any CPU
		{13D02FA7-6908-4F5E-A37A-971E4DF57614}.Release|Any CPU.Build.0 = Release|Any CPU
	EndGlobalSection
	GlobalSection(SolutionProperties) = preSolution
		HideSolutionNode = FALSE
	EndGlobalSection
	GlobalSection(ExtensibilityGlobals) = postSolution
		SolutionGuid = {0B79570D-95E8-4303-A9A8-8058CC154CFB}
	EndGlobalSection
EndGlobal
